
Microsoft Visual Studio Solution File, Format Version 12.00
# Visual Studio Version 16
VisualStudioVersion = 16.0.31410.357
MinimumVisualStudioVersion = 10.0.40219.1
Project("{FAE04EC0-301F-11D3-BF4B-00C04F79EFBC}") = "Notes.UWP", "Notes.UWP\Notes.UWP.csproj", "{0086C017-6883-4651-B824-D86D66047F0C}"
EndProject
Project("{FAE04EC0-301F-11D3-BF4B-00C04F79EFBC}") = "Notes.Android", "Notes.Android\Notes.Android.csproj", "{14AD508D-62C0-49B6-90E3-3D0B95EA9944}"
EndProject
Project("{FAE04EC0-301F-11D3-BF4B-00C04F79EFBC}") = "Notes.iOS", "Notes.iOS\Notes.iOS.csproj", "{8F4ECAED-24D0-4D6E-8047-614A80506046}"
EndProject
Project("{FAE04EC0-301F-11D3-BF4B-00C04F79EFBC}") = "Notes", "Notes\Notes.csproj", "{F07BEB3B-3AB0-4DA5-B2EA-742CB88E8109}"
EndProject
Global
	GlobalSection(SolutionConfigurationPlatforms) = preSolution
		Debug|Any CPU = Debug|Any CPU
		Debug|ARM = Debug|ARM
		Debug|iPhone = Debug|iPhone
		Debug|iPhoneSimulator = Debug|iPhoneSimulator
		Debug|x64 = Debug|x64
		Debug|x86 = Debug|x86
		Release|Any CPU = Release|Any CPU
		Release|ARM = Release|ARM
		Release|iPhone = Release|iPhone
		Release|iPhoneSimulator = Release|iPhoneSimulator
		Release|x64 = Release|x64
		Release|x86 = Release|x86
	EndGlobalSection
	GlobalSection(ProjectConfigurationPlatforms) = postSolution
		{0086C017-6883-4651-B824-D86D66047F0C}.Debug|Any CPU.ActiveCfg = Debug|x86
		{0086C017-6883-4651-B824-D86D66047F0C}.Debug|Any CPU.Build.0 = Debug|x86
		{0086C017-6883-4651-B824-D86D66047F0C}.Debug|Any CPU.Deploy.0 = Debug|x86
		{0086C017-6883-4651-B824-D86D66047F0C}.Debug|ARM.ActiveCfg = Debug|ARM
		{0086C017-6883-4651-B824-D86D66047F0C}.Debug|ARM.Build.0 = Debug|ARM
		{0086C017-6883-4651-B824-D86D66047F0C}.Debug|ARM.Deploy.0 = Debug|ARM
		{0086C017-6883-4651-B824-D86D66047F0C}.Debug|iPhone.ActiveCfg = Debug|x86
		{0086C017-6883-4651-B824-D86D66047F0C}.Debug|iPhone.Build.0 = Debug|x86
		{0086C017-6883-4651-B824-D86D66047F0C}.Debug|iPhone.Deploy.0 = Debug|x86
		{0086C017-6883-4651-B824-D86D66047F0C}.Debug|iPhoneSimulator.ActiveCfg = Debug|x86
		{0086C017-6883-4651-B824-D86D66047F0C}.Debug|iPhoneSimulator.Build.0 = Debug|x86
		{0086C017-6883-4651-B824-D86D66047F0C}.Debug|iPhoneSimulator.Deploy.0 = Debug|x86
		{0086C017-6883-4651-B824-D86D66047F0C}.Debug|x64.ActiveCfg = Debug|x64
		{0086C017-6883-4651-B824-D86D66047F0C}.Debug|x64.Build.0 = Debug|x64
		{0086C017-6883-4651-B824-D86D66047F0C}.Debug|x64.Deploy.0 = Debug|x64
		{0086C017-6883-4651-B824-D86D66047F0C}.Debug|x86.ActiveCfg = Debug|x86
		{0086C017-6883-4651-B824-D86D66047F0C}.Debug|x86.Build.0 = Debug|x86
		{0086C017-6883-4651-B824-D86D66047F0C}.Debug|x86.Deploy.0 = Debug|x86
		{0086C017-6883-4651-B824-D86D66047F0C}.Release|Any CPU.ActiveCfg = Release|x86
		{0086C017-6883-4651-B824-D86D66047F0C}.Release|Any CPU.Build.0 = Release|x86
		{0086C017-6883-4651-B824-D86D66047F0C}.Release|Any CPU.Deploy.0 = Release|x86
		{0086C017-6883-4651-B824-D86D66047F0C}.Release|ARM.ActiveCfg = Release|ARM
		{0086C017-6883-4651-B824-D86D66047F0C}.Release|ARM.Build.0 = Release|ARM
		{0086C017-6883-4651-B824-D86D66047F0C}.Release|ARM.Deploy.0 = Release|ARM
		{0086C017-6883-4651-B824-D86D66047F0C}.Release|iPhone.ActiveCfg = Release|x86
		{0086C017-6883-4651-B824-D86D66047F0C}.Release|iPhone.Build.0 = Release|x86
		{0086C017-6883-4651-B824-D86D66047F0C}.Release|iPhone.Deploy.0 = Release|x86
		{0086C017-6883-4651-B824-D86D66047F0C}.Release|iPhoneSimulator.ActiveCfg = Release|x86
		{0086C017-6883-4651-B824-D86D66047F0C}.Release|iPhoneSimulator.Build.0 = Release|x86
		{0086C017-6883-4651-B824-D86D66047F0C}.Release|iPhoneSimulator.Deploy.0 = Release|x86
		{0086C017-6883-4651-B824-D86D66047F0C}.Release|x64.ActiveCfg = Release|x64
		{0086C017-6883-4651-B824-D86D66047F0C}.Release|x64.Build.0 = Release|x64
		{0086C017-6883-4651-B824-D86D66047F0C}.Release|x64.Deploy.0 = Release|x64
		{0086C017-6883-4651-B824-D86D66047F0C}.Release|x86.ActiveCfg = Release|x86
		{0086C017-6883-4651-B824-D86D66047F0C}.Release|x86.Build.0 = Release|x86
		{0086C017-6883-4651-B824-D86D66047F0C}.Release|x86.Deploy.0 = Release|x86
		{14AD508D-62C0-49B6-90E3-3D0B95EA9944}.Debug|Any CPU.ActiveCfg = Debug|Any CPU
		{14AD508D-62C0-49B6-90E3-3D0B95EA9944}.Debug|Any CPU.Build.0 = Debug|Any CPU
		{14AD508D-62C0-49B6-90E3-3D0B95EA9944}.Debug|Any CPU.Deploy.0 = Debug|Any CPU
		{14AD508D-62C0-49B6-90E3-3D0B95EA9944}.Debug|ARM.ActiveCfg = Debug|Any CPU
		{14AD508D-62C0-49B6-90E3-3D0B95EA9944}.Debug|ARM.Build.0 = Debug|Any CPU
		{14AD508D-62C0-49B6-90E3-3D0B95EA9944}.Debug|ARM.Deploy.0 = Debug|Any CPU
		{14AD508D-62C0-49B6-90E3-3D0B95EA9944}.Debug|iPhone.ActiveCfg = Debug|Any CPU
		{14AD508D-62C0-49B6-90E3-3D0B95EA9944}.Debug|iPhone.Build.0 = Debug|Any CPU
		{14AD508D-62C0-49B6-90E3-3D0B95EA9944}.Debug|iPhone.Deploy.0 = Debug|Any CPU
		{14AD508D-62C0-49B6-90E3-3D0B95EA9944}.Debug|iPhoneSimulator.ActiveCfg = Debug|Any CPU
		{14AD508D-62C0-49B6-90E3-3D0B95EA9944}.Debug|iPhoneSimulator.Build.0 = Debug|Any CPU
		{14AD508D-62C0-49B6-90E3-3D0B95EA9944}.Debug|iPhoneSimulator.Deploy.0 = Debug|Any CPU
		{14AD508D-62C0-49B6-90E3-3D0B95EA9944}.Debug|x64.ActiveCfg = Debug|Any CPU
		{14AD508D-62C0-49B6-90E3-3D0B95EA9944}.Debug|x64.Build.0 = Debug|Any CPU
		{14AD508D-62C0-49B6-90E3-3D0B95EA9944}.Debug|x64.Deploy.0 = Debug|Any CPU
		{14AD508D-62C0-49B6-90E3-3D0B95EA9944}.Debug|x86.ActiveCfg = Debug|Any CPU
		{14AD508D-62C0-49B6-90E3-3D0B95EA9944}.Debug|x86.Build.0 = Debug|Any CPU
		{14AD508D-62C0-49B6-90E3-3D0B95EA9944}.Debug|x86.Deploy.0 = Debug|Any CPU
		{14AD508D-62C0-49B6-90E3-3D0B95EA9944}.Release|Any CPU.ActiveCfg = Release|Any CPU
		{14AD508D-62C0-49B6-90E3-3D0B95EA9944}.Release|Any CPU.Build.0 = Release|Any CPU
		{14AD508D-62C0-49B6-90E3-3D0B95EA9944}.Release|Any CPU.Deploy.0 = Release|Any CPU
		{14AD508D-62C0-49B6-90E3-3D0B95EA9944}.Release|ARM.ActiveCfg = Release|Any CPU
		{14AD508D-62C0-49B6-90E3-3D0B95EA9944}.Release|ARM.Build.0 = Release|Any CPU
		{14AD508D-62C0-49B6-90E3-3D0B95EA9944}.Release|ARM.Deploy.0 = Release|Any CPU
		{14AD508D-62C0-49B6-90E3-3D0B95EA9944}.Release|iPhone.ActiveCfg = Release|Any CPU
		{14AD508D-62C0-49B6-90E3-3D0B95EA9944}.Release|iPhone.Build.0 = Release|Any CPU
		{14AD508D-62C0-49B6-90E3-3D0B95EA9944}.Release|iPhone.Deploy.0 = Release|Any CPU
		{14AD508D-62C0-49B6-90E3-3D0B95EA9944}.Release|iPhoneSimulator.ActiveCfg = Release|Any CPU
		{14AD508D-62C0-49B6-90E3-3D0B95EA9944}.Release|iPhoneSimulator.Build.0 = Release|Any CPU
		{14AD508D-62C0-49B6-90E3-3D0B95EA9944}.Release|iPhoneSimulator.Deploy.0 = Release|Any CPU
		{14AD508D-62C0-49B6-90E3-3D0B95EA9944}.Release|x64.ActiveCfg = Release|Any CPU
		{14AD508D-62C0-49B6-90E3-3D0B95EA9944}.Release|x64.Build.0 = Release|Any CPU
		{14AD508D-62C0-49B6-90E3-3D0B95EA9944}.Release|x64.Deploy.0 = Release|Any CPU
		{14AD508D-62C0-49B6-90E3-3D0B95EA9944}.Release|x86.ActiveCfg = Release|Any CPU
		{14AD508D-62C0-49B6-90E3-3D0B95EA9944}.Release|x86.Build.0 = Release|Any CPU
		{14AD508D-62C0-49B6-90E3-3D0B95EA9944}.Release|x86.Deploy.0 = Release|Any CPU
		{8F4ECAED-24D0-4D6E-8047-614A80506046}.Debug|Any CPU.ActiveCfg = Debug|iPhoneSimulator
		{8F4ECAED-24D0-4D6E-8047-614A80506046}.Debug|Any CPU.Build.0 = Debug|iPhoneSimulator
		{8F4ECAED-24D0-4D6E-8047-614A80506046}.Debug|Any CPU.Deploy.0 = Debug|iPhoneSimulator
		{8F4ECAED-24D0-4D6E-8047-614A80506046}.Debug|ARM.ActiveCfg = Debug|iPhone
		{8F4ECAED-24D0-4D6E-8047-614A80506046}.Debug|ARM.Build.0 = Debug|iPhone
		{8F4ECAED-24D0-4D6E-8047-614A80506046}.Debug|ARM.Deploy.0 = Debug|iPhone
		{8F4ECAED-24D0-4D6E-8047-614A80506046}.Debug|iPhone.ActiveCfg = Debug|iPhone
		{8F4ECAED-24D0-4D6E-8047-614A80506046}.Debug|iPhone.Build.0 = Debug|iPhone
		{8F4ECAED-24D0-4D6E-8047-614A80506046}.Debug|iPhone.Deploy.0 = Debug|iPhone
		{8F4ECAED-24D0-4D6E-8047-614A80506046}.Debug|iPhoneSimulator.ActiveCfg = Debug|iPhoneSimulator
		{8F4ECAED-24D0-4D6E-8047-614A80506046}.Debug|iPhoneSimulator.Build.0 = Debug|iPhoneSimulator
		{8F4ECAED-24D0-4D6E-8047-614A80506046}.Debug|iPhoneSimulator.Deploy.0 = Debug|iPhoneSimulator
		{8F4ECAED-24D0-4D6E-8047-614A80506046}.Debug|x64.ActiveCfg = Debug|iPhoneSimulator
		{8F4ECAED-24D0-4D6E-8047-614A80506046}.Debug|x64.Build.0 = Debug|iPhoneSimulator
		{8F4ECAED-24D0-4D6E-8047-614A80506046}.Debug|x64.Deploy.0 = Debug|iPhoneSimulator
		{8F4ECAED-24D0-4D6E-8047-614A80506046}.Debug|x86.ActiveCfg = Debug|iPhoneSimulator
		{8F4ECAED-24D0-4D6E-8047-614A80506046}.Debug|x86.Build.0 = Debug|iPhoneSimulator
		{8F4ECAED-24D0-4D6E-8047-614A80506046}.Debug|x86.Deploy.0 = Debug|iPhoneSimulator
		{8F4ECAED-24D0-4D6E-8047-614A80506046}.Release|Any CPU.ActiveCfg = Release|iPhoneSimulator
		{8F4ECAED-24D0-4D6E-8047-614A80506046}.Release|Any CPU.Build.0 = Release|iPhoneSimulator
		{8F4ECAED-24D0-4D6E-8047-614A80506046}.Release|Any CPU.Deploy.0 = Release|iPhoneSimulator
		{8F4ECAED-24D0-4D6E-8047-614A80506046}.Release|ARM.ActiveCfg = Release|iPhoneSimulator
		{8F4ECAED-24D0-4D6E-8047-614A80506046}.Release|ARM.Build.0 = Release|iPhoneSimulator
		{8F4ECAED-24D0-4D6E-8047-614A80506046}.Release|ARM.Deploy.0 = Release|iPhoneSimulator
		{8F4ECAED-24D0-4D6E-8047-614A80506046}.Release|iPhone.ActiveCfg = Release|iPhone
		{8F4ECAED-24D0-4D6E-8047-614A80506046}.Release|iPhone.Build.0 = Release|iPhone
		{8F4ECAED-24D0-4D6E-8047-614A80506046}.Release|iPhone.Deploy.0 = Release|iPhone
		{8F4ECAED-24D0-4D6E-8047-614A80506046}.Release|iPhoneSimulator.ActiveCfg = Release|iPhoneSimulator
		{8F4ECAED-24D0-4D6E-8047-614A80506046}.Release|iPhoneSimulator.Build.0 = Release|iPhoneSimulator
		{8F4ECAED-24D0-4D6E-8047-614A80506046}.Release|iPhoneSimulator.Deploy.0 = Release|iPhoneSimulator
		{8F4ECAED-24D0-4D6E-8047-614A80506046}.Release|x64.ActiveCfg = Release|iPhoneSimulator
		{8F4ECAED-24D0-4D6E-8047-614A80506046}.Release|x64.Build.0 = Release|iPhoneSimulator
		{8F4ECAED-24D0-4D6E-8047-614A80506046}.Release|x64.Deploy.0 = Release|iPhoneSimulator
		{8F4ECAED-24D0-4D6E-8047-614A80506046}.Release|x86.ActiveCfg = Release|iPhoneSimulator
		{8F4ECAED-24D0-4D6E-8047-614A80506046}.Release|x86.Build.0 = Release|iPhoneSimulator
		{8F4ECAED-24D0-4D6E-8047-614A80506046}.Release|x86.Deploy.0 = Release|iPhoneSimulator
		{F07BEB3B-3AB0-4DA5-B2EA-742CB88E8109}.Debug|Any CPU.ActiveCfg = Debug|Any CPU
		{F07BEB3B-3AB0-4DA5-B2EA-742CB88E8109}.Debug|Any CPU.Build.0 = Debug|Any CPU
		{F07BEB3B-3AB0-4DA5-B2EA-742CB88E8109}.Debug|Any CPU.Deploy.0 = Debug|Any CPU
		{F07BEB3B-3AB0-4DA5-B2EA-742CB88E8109}.Debug|ARM.ActiveCfg = Debug|Any CPU
		{F07BEB3B-3AB0-4DA5-B2EA-742CB88E8109}.Debug|ARM.Build.0 = Debug|Any CPU
		{F07BEB3B-3AB0-4DA5-B2EA-742CB88E8109}.Debug|ARM.Deploy.0 = Debug|Any CPU
		{F07BEB3B-3AB0-4DA5-B2EA-742CB88E8109}.Debug|iPhone.ActiveCfg = Debug|Any CPU
		{F07BEB3B-3AB0-4DA5-B2EA-742CB88E8109}.Debug|iPhone.Build.0 = Debug|Any CPU
		{F07BEB3B-3AB0-4DA5-B2EA-742CB88E8109}.Debug|iPhone.Deploy.0 = Debug|Any CPU
		{F07BEB3B-3AB0-4DA5-B2EA-742CB88E8109}.Debug|iPhoneSimulator.ActiveCfg = Debug|Any CPU
		{F07BEB3B-3AB0-4DA5-B2EA-742CB88E8109}.Debug|iPhoneSimulator.Build.0 = Debug|Any CPU
		{F07BEB3B-3AB0-4DA5-B2EA-742CB88E8109}.Debug|iPhoneSimulator.Deploy.0 = Debug|Any CPU
		{F07BEB3B-3AB0-4DA5-B2EA-742CB88E8109}.Debug|x64.ActiveCfg = Debug|Any CPU
		{F07BEB3B-3AB0-4DA5-B2EA-742CB88E8109}.Debug|x64.Build.0 = Debug|Any CPU
		{F07BEB3B-3AB0-4DA5-B2EA-742CB88E8109}.Debug|x64.Deploy.0 = Debug|Any CPU
		{F07BEB3B-3AB0-4DA5-B2EA-742CB88E8109}.Debug|x86.ActiveCfg = Debug|Any CPU
		{F07BEB3B-3AB0-4DA5-B2EA-742CB88E8109}.Debug|x86.Build.0 = Debug|Any CPU
		{F07BEB3B-3AB0-4DA5-B2EA-742CB88E8109}.Debug|x86.Deploy.0 = Debug|Any CPU
		{F07BEB3B-3AB0-4DA5-B2EA-742CB88E8109}.Release|Any CPU.ActiveCfg = Release|Any CPU
		{F07BEB3B-3AB0-4DA5-B2EA-742CB88E8109}.Release|Any CPU.Build.0 = Release|Any CPU
		{F07BEB3B-3AB0-4DA5-B2EA-742CB88E8109}.Release|Any CPU.Deploy.0 = Release|Any CPU
		{F07BEB3B-3AB0-4DA5-B2EA-742CB88E8109}.Release|ARM.ActiveCfg = Release|Any CPU
		{F07BEB3B-3AB0-4DA5-B2EA-742CB88E8109}.Release|ARM.Build.0 = Release|Any CPU
		{F07BEB3B-3AB0-4DA5-B2EA-742CB88E8109}.Release|ARM.Deploy.0 = Release|Any CPU
		{F07BEB3B-3AB0-4DA5-B2EA-742CB88E8109}.Release|iPhone.ActiveCfg = Release|Any CPU
		{F07BEB3B-3AB0-4DA5-B2EA-742CB88E8109}.Release|iPhone.Build.0 = Release|Any CPU
		{F07BEB3B-3AB0-4DA5-B2EA-742CB88E8109}.Release|iPhone.Deploy.0 = Release|Any CPU
		{F07BEB3B-3AB0-4DA5-B2EA-742CB88E8109}.Release|iPhoneSimulator.ActiveCfg = Release|Any CPU
		{F07BEB3B-3AB0-4DA5-B2EA-742CB88E8109}.Release|iPhoneSimulator.Build.0 = Release|Any CPU
		{F07BEB3B-3AB0-4DA5-B2EA-742CB88E8109}.Release|iPhoneSimulator.Deploy.0 = Release|Any CPU
		{F07BEB3B-3AB0-4DA5-B2EA-742CB88E8109}.Release|x64.ActiveCfg = Release|Any CPU
		{F07BEB3B-3AB0-4DA5-B2EA-742CB88E8109}.Release|x64.Build.0 = Release|Any CPU
		{F07BEB3B-3AB0-4DA5-B2EA-742CB88E8109}.Release|x64.Deploy.0 = Release|Any CPU
		{F07BEB3B-3AB0-4DA5-B2EA-742CB88E8109}.Release|x86.ActiveCfg = Release|Any CPU
		{F07BEB3B-3AB0-4DA5-B2EA-742CB88E8109}.Release|x86.Build.0 = Release|Any CPU
		{F07BEB3B-3AB0-4DA5-B2EA-742CB88E8109}.Release|x86.Deploy.0 = Release|Any CPU
	EndGlobalSection
	GlobalSection(SolutionProperties) = preSolution
		HideSolutionNode = FALSE
	EndGlobalSection
	GlobalSection(ExtensibilityGlobals) = postSolution
		SolutionGuid = {B762F443-74E9-4136-A92B-67A87B01C708}
	EndGlobalSection
EndGlobal
